
Microsoft Visual Studio Solution File, Format Version 12.00
# Visual Studio 15
VisualStudioVersion = 15.0.27130.2010
MinimumVisualStudioVersion = 10.0.40219.1
Project("{9A19103F-16F7-4668-BE54-9A1E7A4F7556}") = "WebApiDemo", "WebApiDemo\WebApiDemo.csproj", "{57EB1393-97E3-4C79-9A3E-316FAED86D5E}"
EndProject
Project("{9A19103F-16F7-4668-BE54-9A1E7A4F7556}") = "WebApiDemo.UnitTests", "WebApiDemo.UnitTests\WebApiDemo.UnitTests.csproj", "{ED8390CE-AD24-4293-8C65-8C1C7CB87B4A}"
EndProject
Project("{9A19103F-16F7-4668-BE54-9A1E7A4F7556}") = "Angular4Demo", "Angular4Demo\Angular4Demo.csproj", "{0122F7A4-9855-49B4-8A58-FAF47FDF26D1}"
EndProject
Global
	GlobalSection(SolutionConfigurationPlatforms) = preSolution
		Debug|Any CPU = Debug|Any CPU
		Release|Any CPU = Release|Any CPU
	EndGlobalSection
	GlobalSection(ProjectConfigurationPlatforms) = postSolution
		{57EB1393-97E3-4C79-9A3E-316FAED86D5E}.Debug|Any CPU.ActiveCfg = Debug|Any CPU
		{57EB1393-97E3-4C79-9A3E-316FAED86D5E}.Debug|Any CPU.Build.0 = Debug|Any CPU
		{57EB1393-97E3-4C79-9A3E-316FAED86D5E}.Release|Any CPU.ActiveCfg = Release|Any CPU
		{57EB1393-97E3-4C79-9A3E-316FAED86D5E}.Release|Any CPU.Build.0 = Release|Any CPU
		{ED8390CE-AD24-4293-8C65-8C1C7CB87B4A}.Debug|Any CPU.ActiveCfg = Debug|Any CPU
		{ED8390CE-AD24-4293-8C65-8C1C7CB87B4A}.Debug|Any CPU.Build.0 = Debug|Any CPU
		{ED8390CE-AD24-4293-8C65-8C1C7CB87B4A}.Release|Any CPU.ActiveCfg = Release|Any CPU
		{ED8390CE-AD24-4293-8C65-8C1C7CB87B4A}.Release|Any CPU.Build.0 = Release|Any CPU
		{0122F7A4-9855-49B4-8A58-FAF47FDF26D1}.Debug|Any CPU.ActiveCfg = Debug|Any CPU
		{0122F7A4-9855-49B4-8A58-FAF47FDF26D1}.Debug|Any CPU.Build.0 = Debug|Any CPU
		{0122F7A4-9855-49B4-8A58-FAF47FDF26D1}.Release|Any CPU.ActiveCfg = Release|Any CPU
		{0122F7A4-9855-49B4-8A58-FAF47FDF26D1}.Release|Any CPU.Build.0 = Release|Any CPU
	EndGlobalSection
	GlobalSection(SolutionProperties) = preSolution
		HideSolutionNode = FALSE
	EndGlobalSection
	GlobalSection(ExtensibilityGlobals) = postSolution
		SolutionGuid = {6A349252-BE07-421C-9E77-F26ED5D8B79A}
	EndGlobalSection
EndGlobal
